type: Article
content:
- type: Paragraph
  content:
  - type: Text
    value: A code block
- type: CodeBlock
  code: |-
    # Some python code
    a = 3
  programmingLanguage: python
- type: Paragraph
  content:
  - type: Text
    value: A code block with no language
- type: CodeBlock
  code: No language
- type: Paragraph
  content:
  - type: Text
    value: An empty code block
- type: CodeBlock
  code: ''
- type: Paragraph
  content:
  - type: Text
    value: A code block with only whitespace
- type: CodeBlock
  code: " \t\n "
