{
  "name": "statics",
  "version": "1.0.0",
  "lockfileVersion": 2,
  "requires": true,
  "packages": {
    "": {
      "dependencies": {
        "construct-style-sheets-polyfill": "^3.1.0",
        "themes": "file:../../themes",
        "web": "file:../../web"
      }
    },
    "../../../designa/packages/components": {
      "name": "@stencila/components",
      "version": "0.55.0",
      "extraneous": true,
      "license": "Apache-2.0",
      "dependencies": {
        "@codemirror/autocomplete": "^0.19.15",
        "@codemirror/closebrackets": "^0.19.0",
        "@codemirror/commands": "^0.19.8",
        "@codemirror/comment": "^0.19.0",
        "@codemirror/fold": "^0.19.0",
        "@codemirror/gutter": "^0.19.2",
        "@codemirror/highlight": "^0.19.4",
        "@codemirror/history": "^0.19.0",
        "@codemirror/lang-javascript": "^0.19.7",
        "@codemirror/lang-json": "^0.19.2",
        "@codemirror/lang-markdown": "^0.19.6",
        "@codemirror/lang-python": "^0.19.5",
        "@codemirror/lang-sql": "^0.19.4",
        "@codemirror/lang-xml": "^0.19.2",
        "@codemirror/legacy-modes": "^0.19.1",
        "@codemirror/matchbrackets": "^0.19.4",
        "@codemirror/panel": "^0.19.0",
        "@codemirror/search": "^0.19.10",
        "@codemirror/state": "^0.19.9",
        "@codemirror/stream-parser": "^0.19.2",
        "@codemirror/view": "^0.19.48",
        "@nll/datum": "^3.5.0",
        "@popperjs/core": "^2.11.0",
        "@stencila/style-material": "0.16.14",
        "@stencila/style-stencila": "0.30.0",
        "animate-presence": "^0.2.1",
        "d3": "^7.0.1",
        "d3-drag": "^3.0.0",
        "d3-force": "^3.0.0",
        "d3-hierarchy": "^3.0.0",
        "d3-polygon": "^3.0.1",
        "d3-selection": "^3.0.0",
        "d3-shape": "^3.0.0",
        "d3-zoom": "^3.0.0",
        "feather-icons": "^4.28.0",
        "mem": "8.1.1",
        "pluralize": "^8.0.0",
        "time-elements": "^3.0.0",
        "vega": "^5.20.2",
        "vega-embed": "^6.18.2",
        "vega-lite": "^5.1.0",
        "webfontloader": "^1.6.28",
        "wretch": "^1.7.5"
      },
      "devDependencies": {
        "@custom-elements-manifest/analyzer": "0.5.7",
        "@fullhuman/postcss-purgecss": "4.1.3",
        "@stencil/core": "2.14.2",
        "@stencil/postcss": "2.1.0",
        "@stencila/eslint-config-stencil": "2.0.5",
        "@stencila/schema": "1.18.0",
        "@types/d3": "7.4.0",
        "@types/d3-drag": "3.0.1",
        "@types/d3-force": "3.0.3",
        "@types/d3-hierarchy": "3.1.0",
        "@types/d3-polygon": "3.0.0",
        "@types/d3-selection": "3.0.2",
        "@types/d3-shape": "3.1.0",
        "@types/d3-zoom": "3.0.1",
        "@types/feather-icons": "4.7.0",
        "@types/jest": "27.4.1",
        "@types/plotly.js": "1.54.20",
        "@types/pluralize": "0.0.29",
        "@types/puppeteer": "5.4.5",
        "@types/webfontloader": "1.6.34",
        "chokidar-cli": "3.0.0",
        "fp-ts": "2.11.9",
        "jest": "27.5.1",
        "jest-cli": "27.5.1",
        "postcss-custom-properties": "12.1.5",
        "postcss-import": "14.1.0",
        "puppeteer": "13.5.1",
        "tailwindcss": "3.0.23"
      },
      "peerDependencies": {
        "@stencila/schema": "^1.9.0"
      }
    },
    "../../themes": {
      "name": "@stencila/thema",
      "version": "0.129.0",
      "license": "Apache-2.0",
      "dependencies": {
        "@elifesciences/pattern-library": "0.0.7",
        "@simonwep/pickr": "1.8.2",
        "@stencila/components": "0.51.0",
        "project-name-generator": "2.1.9",
        "react": "17.0.2",
        "react-dom": "17.0.2",
        "tufte-css": "1.8.0"
      },
      "devDependencies": {
        "@percy/cli": "1.0.0-beta.74",
        "@stencila/dev-config": "3.0.4",
        "@stencila/encoda": "0.119.0",
        "@stencila/eslint-config": "3.0.1",
        "@stencila/schema": "file:../schema",
        "@syngrisi/syngrisi-wdio-screenshot": "^1.0.6",
        "@types/chromedriver": "81.0.1",
        "@types/jest": "27.4.0",
        "@types/jsdoc-to-markdown": "7.0.3",
        "@types/prismjs": "1.26.0",
        "@types/react": "17.0.39",
        "@types/react-dom": "17.0.11",
        "@wdio/cli": "7.16.3",
        "@wdio/concise-reporter": "7.16.3",
        "@wdio/dot-reporter": "7.16.3",
        "@wdio/local-runner": "7.16.3",
        "@wdio/mocha-framework": "7.16.3",
        "@wdio/sauce-service": "7.16.3",
        "@wdio/static-server-service": "7.16.3",
        "autoprefixer": "10.4.2",
        "chromedriver": "97.0.4",
        "cssnano": "5.0.16",
        "cssnano-preset-default": "5.1.11",
        "eslint-plugin-react": "7.28.0",
        "extract-loader": "5.1.0",
        "geckodriver": "3.0.1",
        "jest": "27.4.7",
        "jest-junit": "13.0.0",
        "jsdoc-to-markdown": "7.1.1",
        "mathjax-node": "2.1.1",
        "normalize.css": "8.0.1",
        "parcel": "2.2.1",
        "postcss-combine-media-query": "1.0.1",
        "postcss-custom-media": "8.0.0",
        "postcss-custom-properties": "12.1.4",
        "postcss-custom-selectors": "6.0.0",
        "postcss-extend": "1.0.5",
        "postcss-import": "14.0.2",
        "postcss-import-url": "7.0.0",
        "postcss-loader": "6.2.1",
        "postcss-mixins": "9.0.1",
        "postcss-nested": "5.0.6",
        "postcss-nested-import": "0.1.0",
        "postcss-selector-not": "5.0.0",
        "postcss-selector-replace": "1.0.2",
        "postcss-sort-media-queries": "4.2.1",
        "postcss-url": "10.1.3",
        "prismjs": "1.26.0",
        "stylelint": "14.3.0",
        "stylelint-config-prettier": "9.0.3",
        "stylelint-config-standard": "24.0.0",
        "stylelint-declaration-block-no-ignored-properties": "2.5.0",
        "stylelint-declaration-strict-value": "1.8.0",
        "stylelint-selector-pattern": "0.0.2",
        "stylelint-selector-tag-no-without-class": "2.0.5",
        "ts-jest": "27.1.3",
        "ts-node": "10.4.0",
        "typescript": "4.5.5",
        "wdio-chromedriver-service": "7.2.2",
        "wdio-geckodriver-service": "2.1.0",
        "wdio-novus-visual-regression-service": "1.2.5",
        "webdriverio": "7.16.3"
      }
    },
    "../../web": {
      "name": "@stencila/web",
      "version": "1.0.0",
      "license": "Apache-2.0",
      "dependencies": {
        "@codemirror/state": "^6.1.1",
        "@codemirror/view": "^6.2.4",
        "@shoelace-style/shoelace": "^2.0.0-beta.82",
        "@stencila/components": "^0.55.0",
        "fast-array-diff": "^1.0.1",
        "fast-deep-equal": "^3.1.3",
        "grapheme-splitter": "^1.0.4",
        "html-fragment": "^1.1.2",
        "lit": "^2.3.1",
        "nanoid": "^4.0.0",
        "prosemirror-collab": "^1.2.2",
        "prosemirror-commands": "^1.1.12",
        "prosemirror-dropcursor": "^1.4.0",
        "prosemirror-gapcursor": "^1.2.0",
        "prosemirror-history": "^1.2.0",
        "prosemirror-inputrules": "^1.1.3",
        "prosemirror-keymap": "^1.1.5",
        "prosemirror-model": "^1.15.0",
        "prosemirror-schema-list": "^1.1.6",
        "prosemirror-state": "^1.3.4",
        "prosemirror-tables": "^1.1.1",
        "prosemirror-transform": "^1.3.3",
        "prosemirror-view": "^1.23.0",
        "rpc-websockets": "^7.5.0",
        "xterm": "^4.18.0",
        "xterm-addon-attach": "^0.6.0",
        "xterm-addon-fit": "^0.5.0"
      },
      "devDependencies": {
        "@parcel/transformer-typescript-tsc": "2.7.0",
        "@parcel/transformer-typescript-types": "2.7.0",
        "@stencila/dev-config": "3.0.4",
        "@stencila/eslint-config": "3.0.4",
        "@stencila/schema": "file:../schema",
        "@types/jest": "28.1.1",
        "@types/prosemirror-collab": "1.1.2",
        "@types/prosemirror-commands": "1.0.4",
        "@types/prosemirror-dropcursor": "1.0.3",
        "@types/prosemirror-gapcursor": "1.0.4",
        "@types/prosemirror-history": "1.0.3",
        "@types/prosemirror-inputrules": "1.0.4",
        "@types/prosemirror-keymap": "1.0.4",
        "@types/prosemirror-model": "1.13.2",
        "@types/prosemirror-schema-list": "1.0.3",
        "@types/prosemirror-state": "1.2.7",
        "@types/prosemirror-tables": "0.9.1",
        "@types/prosemirror-transform": "1.1.4",
        "@types/prosemirror-view": "1.19.1",
        "buffer": "^6.0.3",
        "jest": "28.1.1",
        "jest-environment-jsdom": "28.1.1",
        "microbundle": "0.14.2",
        "parcel": "2.7.0",
        "tailwindcss": "^3.1.8",
        "ts-jest": "28.0.4",
        "typescript": "4.7.4",
        "web-component-analyzer": "^2.0.0-next.4"
      },
      "engines": {
        "node": ">= 14"
      },
      "peerDependencies": {
        "@stencila/schema": "^1.11.1"
      }
    },
    "node_modules/construct-style-sheets-polyfill": {
      "version": "3.1.0",
      "resolved": "https://registry.npmjs.org/construct-style-sheets-polyfill/-/construct-style-sheets-polyfill-3.1.0.tgz",
      "integrity": "sha512-HBLKP0chz8BAY6rBdzda11c3wAZeCZ+kIG4weVC2NM3AXzxx09nhe8t0SQNdloAvg5GLuHwq/0SPOOSPvtCcKw=="
    },
    "node_modules/themes": {
      "resolved": "../../themes",
      "link": true
    },
    "node_modules/web": {
      "resolved": "../../web",
      "link": true
    }
  },
  "dependencies": {
    "construct-style-sheets-polyfill": {
      "version": "3.1.0",
      "resolved": "https://registry.npmjs.org/construct-style-sheets-polyfill/-/construct-style-sheets-polyfill-3.1.0.tgz",
      "integrity": "sha512-HBLKP0chz8BAY6rBdzda11c3wAZeCZ+kIG4weVC2NM3AXzxx09nhe8t0SQNdloAvg5GLuHwq/0SPOOSPvtCcKw=="
    },
    "themes": {
      "version": "file:../../themes",
      "requires": {
        "@elifesciences/pattern-library": "0.0.7",
        "@percy/cli": "1.0.0-beta.74",
        "@simonwep/pickr": "1.8.2",
        "@stencila/components": "0.51.0",
        "@stencila/dev-config": "3.0.4",
        "@stencila/encoda": "0.119.0",
        "@stencila/eslint-config": "3.0.1",
        "@stencila/schema": "file:../schema",
        "@syngrisi/syngrisi-wdio-screenshot": "^1.0.6",
        "@types/chromedriver": "81.0.1",
        "@types/jest": "27.4.0",
        "@types/jsdoc-to-markdown": "7.0.3",
        "@types/prismjs": "1.26.0",
        "@types/react": "17.0.39",
        "@types/react-dom": "17.0.11",
        "@wdio/cli": "7.16.3",
        "@wdio/concise-reporter": "7.16.3",
        "@wdio/dot-reporter": "7.16.3",
        "@wdio/local-runner": "7.16.3",
        "@wdio/mocha-framework": "7.16.3",
        "@wdio/sauce-service": "7.16.3",
        "@wdio/static-server-service": "7.16.3",
        "autoprefixer": "10.4.2",
        "chromedriver": "97.0.4",
        "cssnano": "5.0.16",
        "cssnano-preset-default": "5.1.11",
        "eslint-plugin-react": "7.28.0",
        "extract-loader": "5.1.0",
        "geckodriver": "3.0.1",
        "jest": "27.4.7",
        "jest-junit": "13.0.0",
        "jsdoc-to-markdown": "7.1.1",
        "mathjax-node": "2.1.1",
        "normalize.css": "8.0.1",
        "parcel": "2.2.1",
        "postcss-combine-media-query": "1.0.1",
        "postcss-custom-media": "8.0.0",
        "postcss-custom-properties": "12.1.4",
        "postcss-custom-selectors": "6.0.0",
        "postcss-extend": "1.0.5",
        "postcss-import": "14.0.2",
        "postcss-import-url": "7.0.0",
        "postcss-loader": "6.2.1",
        "postcss-mixins": "9.0.1",
        "postcss-nested": "5.0.6",
        "postcss-nested-import": "0.1.0",
        "postcss-selector-not": "5.0.0",
        "postcss-selector-replace": "1.0.2",
        "postcss-sort-media-queries": "4.2.1",
        "postcss-url": "10.1.3",
        "prismjs": "1.26.0",
        "project-name-generator": "2.1.9",
        "react": "17.0.2",
        "react-dom": "17.0.2",
        "stylelint": "14.3.0",
        "stylelint-config-prettier": "9.0.3",
        "stylelint-config-standard": "24.0.0",
        "stylelint-declaration-block-no-ignored-properties": "2.5.0",
        "stylelint-declaration-strict-value": "1.8.0",
        "stylelint-selector-pattern": "0.0.2",
        "stylelint-selector-tag-no-without-class": "2.0.5",
        "ts-jest": "27.1.3",
        "ts-node": "10.4.0",
        "tufte-css": "1.8.0",
        "typescript": "4.5.5",
        "wdio-chromedriver-service": "7.2.2",
        "wdio-geckodriver-service": "2.1.0",
        "wdio-novus-visual-regression-service": "1.2.5",
        "webdriverio": "7.16.3"
      }
    },
    "web": {
      "version": "file:../../web",
      "requires": {
        "@codemirror/state": "^6.1.1",
        "@codemirror/view": "^6.2.4",
        "@parcel/transformer-typescript-tsc": "2.7.0",
        "@parcel/transformer-typescript-types": "2.7.0",
        "@shoelace-style/shoelace": "^2.0.0-beta.82",
        "@stencila/components": "^0.55.0",
        "@stencila/dev-config": "3.0.4",
        "@stencila/eslint-config": "3.0.4",
        "@stencila/schema": "file:../schema",
        "@types/jest": "28.1.1",
        "@types/prosemirror-collab": "1.1.2",
        "@types/prosemirror-commands": "1.0.4",
        "@types/prosemirror-dropcursor": "1.0.3",
        "@types/prosemirror-gapcursor": "1.0.4",
        "@types/prosemirror-history": "1.0.3",
        "@types/prosemirror-inputrules": "1.0.4",
        "@types/prosemirror-keymap": "1.0.4",
        "@types/prosemirror-model": "1.13.2",
        "@types/prosemirror-schema-list": "1.0.3",
        "@types/prosemirror-state": "1.2.7",
        "@types/prosemirror-tables": "0.9.1",
        "@types/prosemirror-transform": "1.1.4",
        "@types/prosemirror-view": "1.19.1",
        "buffer": "^6.0.3",
        "fast-array-diff": "^1.0.1",
        "fast-deep-equal": "^3.1.3",
        "grapheme-splitter": "^1.0.4",
        "html-fragment": "^1.1.2",
        "jest": "28.1.1",
        "jest-environment-jsdom": "28.1.1",
        "lit": "^2.3.1",
        "microbundle": "0.14.2",
        "nanoid": "^4.0.0",
        "parcel": "2.7.0",
        "prosemirror-collab": "^1.2.2",
        "prosemirror-commands": "^1.1.12",
        "prosemirror-dropcursor": "^1.4.0",
        "prosemirror-gapcursor": "^1.2.0",
        "prosemirror-history": "^1.2.0",
        "prosemirror-inputrules": "^1.1.3",
        "prosemirror-keymap": "^1.1.5",
        "prosemirror-model": "^1.15.0",
        "prosemirror-schema-list": "^1.1.6",
        "prosemirror-state": "^1.3.4",
        "prosemirror-tables": "^1.1.1",
        "prosemirror-transform": "^1.3.3",
        "prosemirror-view": "^1.23.0",
        "rpc-websockets": "^7.5.0",
        "tailwindcss": "^3.1.8",
        "ts-jest": "28.0.4",
        "typescript": "4.7.4",
        "web-component-analyzer": "^2.0.0-next.4",
        "xterm": "^4.18.0",
        "xterm-addon-attach": "^0.6.0",
        "xterm-addon-fit": "^0.5.0"
      }
    }
  }
}
