title: Block
"@id": stencila:Block
category: prose
description: A union type for block content.
$comment: |
  This is a union type used in Stencila Schema for block-level document content.

  It brings together the node types that can appear where a document model
  expects block structure, similar to block-content unions in Markdown, HTML,
  JATS, and other document ASTs. The union is central to Stencila's ability to
  mix prose, code, figures, tables, instructions, and executable content within
  one document model.

  Use this type to understand what can appear in `content` arrays on document
  and container nodes such as [`Article`](./article.md),
  [`Section`](./section.md), and [`Figure`](./figure.md).
analogues:
  - name: HTML flow content
    url: https://html.spec.whatwg.org/multipage/dom.html#flow-content-2
    notes: Broadly analogous to the set of HTML elements allowed in block-flow positions, though Stencila's union is document-AST oriented rather than DOM-category based.
  - id: pandoc:Block
    notes: Closest Pandoc union analogue for block-level content.
default: Paragraph
proptest: {}
anyOf:
  - $ref: Admonition
    proptest:
      min:
        description: Do not generate `Admonition` nodes in block content.
        skip: true
      low:
        description: Generate `Admonition` nodes in block content.
        skip: false

  - $ref: AppendixBreak
    proptest:
      min:
        description: Do not generate `AppendixBreak` nodes in block content.
        skip: true

  - $ref: AudioObject
    proptest:
      min:
        description: Do not generate `AudioObject` nodes in block content.
        skip: true

  - $ref: CallBlock
    proptest:
      min:
        description: Do not generate `CallBlock` nodes in block content.
        skip: true
      low:
        description: Generate `CallBlock` nodes in block content.
        skip: false

  - $ref: Chat
    proptest:
      min:
        description: Do not generate `Chat` nodes in block content.
        skip: true

  - $ref: ChatMessage
    proptest:
      min:
        description: Do not generate `ChatMessage` nodes in block content.
        skip: true

  - $ref: ChatMessageGroup
    proptest:
      min:
        description: Do not generate `ChatMessageGroup` nodes in block content.
        skip: true

  - $ref: Claim
    proptest:
      min:
        description: Do not generate `Claim` nodes in block content.
        skip: true
      low:
        description: Generate `Claim` nodes in block content.
        skip: false

  - $ref: CodeBlock

  - $ref: CodeChunk
    proptest:
      min:
        description: Do not generate `CodeChunk` nodes in block content.
        skip: true
      low:
        description: Generate `CodeChunk` nodes in block content.
        skip: false

  - $ref: Datatable
    proptest:
      min:
        description: Do not generate `Datatable` nodes in block content.
        skip: true

  - $ref: Excerpt
    proptest:
      min:
        description: Do not generate `Excerpt` nodes in block content.
        skip: true

  - $ref: Figure
    proptest:
      min:
        description: Do not generate `Figure` nodes in block content.
        skip: true
      low:
        description: Generate `Figure` nodes in block content.
        skip: false

  - $ref: File
    proptest:
      min:
        description: Do not generate `File` nodes in block content.
        skip: true

  - $ref: ForBlock
    proptest:
      min:
        description: Do not generate `ForBlock` nodes in block content.
        skip: true
      low:
        description: Generate `ForBlock` nodes in block content.
        skip: false

  - $ref: Form
    proptest:
      min:
        description: Do not generate `Form` nodes in block content.
        skip: true

  - $ref: Heading

  - $ref: IfBlock
    proptest:
      min:
        description: Do not generate `IfBlock` nodes in block content.
        skip: true
      low:
        description: Generate `IfBlock` nodes in block content.
        skip: false

  - $ref: ImageObject
    proptest:
      min:
        description: Do not generate `ImageObject` nodes in block content.
        skip: true

  - $ref: IncludeBlock
    proptest:
      min:
        description: Do not generate `IncludeBlock` nodes in block content.
        skip: true
      low:
        description: Generate `IncludeBlock` nodes in block content.
        skip: false

  - $ref: InlinesBlock
    proptest:
      min:
        description: Do not generate `InlinesBlock` nodes in block content.
        skip: true

  - $ref: InstructionBlock
    proptest:
      min:
        description: Do not generate `InstructionBlock` nodes in block content.
        skip: true

  - $ref: Island
    proptest:
      min:
        description: Do not generate `Island` nodes in block content.
        skip: true

  - $ref: List

  - $ref: MathBlock

  - $ref: Page
    proptest:
      min:
        description: Do not generate `Page` nodes in block content.
        skip: true

  - $ref: Paragraph

  - $ref: PromptBlock
    proptest:
      min:
        description: Do not generate `PromptBlock` nodes in block content.
        skip: true

  - $ref: QuoteBlock

  - $ref: RawBlock

  - $ref: Section
    proptest:
      min:
        description: Do not generate `Section` nodes in block content.
        skip: true
      low:
        description: Generate `Section` nodes in block content.
        skip: false

  - $ref: StyledBlock

  - $ref: SuggestionBlock
    proptest:
      min:
        description: Do not generate `SuggestionBlock` nodes in block content.
        skip: true

  - $ref: Supplement
    proptest:
      min:
        description: Do not generate `Supplement` nodes in block content.
        skip: true

  - $ref: Table

  - $ref: ThematicBreak

  - $ref: VideoObject
    proptest:
      min:
        description: Do not generate `VideoObject` nodes in block content.
        skip: true

  - $ref: Walkthrough
    proptest:
      min:
        # Walkthroughs are a special node type and, for Markdown based formats at least,
        # there can only one and it must be at the end of the document.
        # So it make little sense to include them in proptests.
        description: Do not generate `Walkthrough` nodes in block content.
        skip: true
