title: Block
"@id": stencila:Block
category: prose
description: Union type in block content node types.
default: Paragraph
markdown:
  derive: false
proptest: {}
anyOf:
  - $ref: Admonition
    proptest:
      min:
        description: Do not generate `Admonition` nodes in block content.
        skip: true
      low:
        description: Generate `Admonition` nodes in block content.
        skip: false

  - $ref: CallBlock
    proptest:
      min:
        description: Do not generate `CallBlock` nodes in block content.
        skip: true
      low:
        description: Generate `CallBlock` nodes in block content.
        skip: false

  - $ref: Chat
    proptest:
      min:
        description: Do not generate `Chat` nodes in block content.
        skip: true

  - $ref: ChatMessage
    proptest:
      min:
        description: Do not generate `ChatMessage` nodes in block content.
        skip: true
  
  - $ref: Claim
    proptest:
      min:
        description: Do not generate `Claim` nodes in block content.
        skip: true
      low:
        description: Generate `Claim` nodes in block content.
        skip: false
    
  - $ref: CodeBlock
  
  - $ref: CodeChunk
    proptest:
      min:
        description: Do not generate `CodeChunk` nodes in block content.
        skip: true
      low:
        description: Generate `CodeChunk` nodes in block content.
        skip: false
  
  - $ref: DeleteBlock
    proptest:
      min:
        description: Do not generate `DeleteBlock` nodes in block content.
        skip: true

  - $ref: Figure
    proptest:
      min:
        description: Do not generate `Figure` nodes in block content.
        skip: true
      low:
        description: Generate `Figure` nodes in block content.
        skip: false
  
  - $ref: ForBlock
    proptest:
      min:
        description: Do not generate `ForBlock` nodes in block content.
        skip: true
      low:
        description: Generate `ForBlock` nodes in block content.
        skip: false
  
  - $ref: Form
    proptest:
      min:
        description: Do not generate `Form` nodes in block content.
        skip: true
  
  - $ref: Heading
  
  - $ref: IfBlock
    proptest:
      min:
        description: Do not generate `IfBlock` nodes in block content.
        skip: true
      low:
        description: Generate `IfBlock` nodes in block content.
        skip: false
  
  - $ref: IncludeBlock
    proptest:
      min:
        description: Do not generate `IncludeBlock` nodes in block content.
        skip: true
      low:
        description: Generate `IncludeBlock` nodes in block content.
        skip: false

  - $ref: InsertBlock
    proptest:
      min:
        description: Do not generate `InsertBlock` nodes in block content.
        skip: true

  - $ref: InstructionBlock
    proptest:
      min:
        description: Do not generate `InstructionBlock` nodes in block content.
        skip: true
  
  - $ref: List
  
  - $ref: MathBlock

  - $ref: ModifyBlock
    proptest:
      min:
        description: Do not generate `ModifyBlock` nodes in block content.
        skip: true
  
  - $ref: Paragraph

  - $ref: PromptBlock
    proptest:
      min:
        description: Do not generate `PromptBlock` nodes in block content.
        skip: true
  
  - $ref: QuoteBlock

  - $ref: RawBlock

  - $ref: ReplaceBlock
    proptest:
      min:
        description: Do not generate `ReplaceBlock` nodes in block content.
        skip: true
  
  - $ref: Section
    proptest:
      min:
        description: Do not generate `Section` nodes in block content.
        skip: true
      low:
        description: Generate `Section` nodes in block content.
        skip: false

  - $ref: StyledBlock

  - $ref: SuggestionBlock
    proptest:
      min:
        description: Do not generate `SuggestionBlock` nodes in block content.
        skip: true
  
  - $ref: Table
  
  - $ref: ThematicBreak

  - $ref: Walkthrough
    proptest:
      min:
        # Walkthroughs are a special node type and, for Markdown based formats at least,
        # there can only one and it must be at the end of the document.
        # So it make little sense to include them in proptests.
        description: Do not generate `Walkthrough` nodes in block content.
        skip: true
