title: Block
status: stable
description: Union type for valid block content.
anyOf:
  - $ref: Call
  - $ref: Claim
  - $ref: CodeBlock
  - $ref: CodeChunk
  - $ref: Division
  - $ref: Figure
  - $ref: For
  - $ref: Form
  - $ref: Heading
  - $ref: If
  - $ref: Include
  - $ref: List
  - $ref: MathBlock
  - $ref: Paragraph
  - $ref: QuoteBlock
  - $ref: Table
  - $ref: ThematicBreak
