title: CallBlock
'@id': stencila:CallBlock
extends: IncludeBlock
category: flow
description: Call another document, optionally with arguments, and include its executed content.
status: under-development
markdown:
  special: true
proptest: {}
required:
  - arguments
properties:
  arguments:
    '@id': stencila:arguments
    description: The value of the source document's parameters to call it with
    strip: [code]
    type: array
    items:
      $ref: CallArgument
    proptest:
      min:
        description: An empty set of arguments.
        value: Vec::new()
      low:
        description: Generate up to 3 arbitrary arguments
        strategy: vec(CallArgument::arbitrary(), size_range(0..=3))
      high:
        description: Generate up to 10 arbitrary arguments
        strategy: vec(CallArgument::arbitrary(), size_range(0..=10))
