title: IfBlock
'@id': stencila:IfBlock
extends: Executable
category: flow
description: Show and execute alternative content conditional upon an executed expression.
status: under-development
markdown:
  derive: false
proptest: {}
required:
  - clauses
properties:
  clauses:
    '@id': 'stencila:clauses'
    description: The clauses making up the `IfBlock` node
    type: array
    items:
      $ref: IfBlockClause
    strip: [code]
    walk: true
    patch:
      formats: [smd, myst]
    dom:
      elem: div
    html:
      slot: div
    proptest:
      min:
        description: A single fixed clause with a single paragraph.
        value: vec![ibc("true", None::<String>, [p([t("If clause")])])]
      low:
        description: Generate up to 3 arbitrary if clauses
        strategy: vec(IfBlockClause::arbitrary(), size_range(1..=3))
      high:
        description: Generate up to 5 arbitrary if clauses
        strategy: vec(IfBlockClause::arbitrary(), size_range(1..=10))
