title: MathBlock
'@id': stencila:MathBlock
nick: mtb
extends: Math
category: math
description: A block of math, e.g an equation, to be treated as block content.
dom:
  derive: false
html:
  elem: math
jats:
  elem: disp-formula
  special: true
markdown:
  derive: false
proptest: {}
core:
  - label
properties:
  label:
    '@id': stencila:label
    description: A short label for the math block.
    type: string
