title: MathBlock
'@id': stencila:MathBlock
nick: mtb
extends: Math
category: math
description: A block of math, e.g an equation, to be treated as block content.
$comment: |
  This is a block representation used in Stencila Schema for mathematical
  content.

  It extends [`Math`](./math.md) for displayed equations and other block-level
  mathematical expressions. This allows block math to share common math
  semantics while being rendered and serialized appropriately for block
  contexts.

  Key properties are inherited from [`Math`](./math.md), especially the source
  math code, language or format, and compilation-related metadata.
analogues:
  - id: jats:disp-formula
  - id: pandoc:Math
    notes: Close Pandoc analogue for display math, though Pandoc distinguishes display mode via a subkind rather than a separate node type.
  - id: mdast:Math
dom:
  derive: false
html:
  elem: math
jats:
  elem: disp-formula
  special: true
latex:
  derive: false
markdown:
  derive: false
proptest: {}
core:
  - label
  - labelAutomatically
properties:
  label:
    '@id': stencila:label
    description: A short label for the math block.
    type: string
  labelAutomatically:
    '@id': stencila:labelAutomatically
    description: Whether the label should be automatically updated.
    type: boolean
    patch:
      formats: [md, smd, myst, ipynb, qmd]
