title: ModifyBlock
'@id': stencila:ModifyBlock
nick: mdb
extends: SuggestionBlock
category: edits
description: A suggestion to modify some block content.
markdown:
  derive: false
proptest: {}
required:
  - operations
properties:
  operations:
    '@id': stencila:operations
    description: The operations to be applied to the nodes.
    type: array
    items:
      $ref: ModifyOperation
    dom:
      elem: span
