title: QuoteBlock
'@id': stencila:QuoteBlock
extends: Entity
category: prose
description: A section quoted from somewhere else.
jats:
  elem: disp-quote 
html:
  elem: blockquote
markdown:
  template: '> {content}'
  special: true
proptest: {}
required:
  - content
core:
  - cite
properties:
  cite:
    '@id': stencila:cite
    description: The source of the quote.
    anyOf:
      - $ref: Cite
      - $ref: Text
  content:
    '@id': stencila:content
    description: The content of the quote.
    type: array
    items:
      $ref: Block
    proptest:
      min:
        description: Generate a single arbitrary paragraph.
        strategy: vec_paragraphs(1)
      low:
        description: Generate up to two arbitrary, non-recursive, block nodes.
        strategy: vec_blocks_non_recursive(2)
      high:
        description: Generate up to four arbitrary, non-recursive, block nodes.
        strategy: vec_blocks_non_recursive(4)
      max:
        description: Generate up to eight arbitrary, non-recursive, block nodes.
        strategy: vec_blocks_non_recursive(8)
  authors:
    '@id': schema:author
    description: The authors of the quote.
    type: array
    items:
      $ref: Author
    strip: [metadata]
    serde:
      deserializeWith: option_one_or_many_string_or_object
