title: ReplaceBlock
'@id': stencila:ReplaceBlock
nick: rpb
extends: SuggestionBlock
category: edits
description: A suggestion to replace some block content with new block content.
markdown:
  derive: false
proptest: {}
required:
  - replacement
properties:
  replacement:
    '@id': stencila:replacement
    description: The new replacement block content.
    type: array
    items:
      $ref: Block
    patch:
      formats: [md, smd, myst, qmd]
    dom:
      elem: div
