title: StyledBlock
'@id': stencila:StyledBlock
nick: stb
status: beta
extends: Styled
category: style
description: Styled block content.
$comment: |
  This is a block type used in Stencila Schema for content with explicit styling.

  It extends [`Styled`](./styled.md) to apply styling semantics to block-level
  content while keeping style information separate from the node's core
  structural meaning. This supports authoring, publishing, and theming workflows
  without forcing format-specific markup into the content model.

  Key properties include block `content` together with inherited styling
  information from [`Styled`](./styled.md).
dom:
  derive: false
html:
  elem: div
latex:
  derive: false
markdown:
  derive: false
proptest: {}
required:
  - content
properties:
  content:
    '@id': stencila:content
    description: The content within the styled block
    type: array
    items:
      $ref: Block
    dom:
      elem: div
