title: StyledBlock
'@id': stencila:StyledBlock
nick: stb
status: under-development
extends: Styled
category: style
description: Styled block content.
html:
  elem: div
markdown:
  derive: false
proptest: {}
required:
  - content
properties:
  content:
    '@id': stencila:content
    description: The content within the styled block
    type: array
    items:
      $ref: Block
    