type: Article
content:
- type: Paragraph
  content:
  - type: Text
    value:
      string: A math block with no languages specified (assumed to be TeX)
- type: MathBlock
  code:
    string: 2 \pi r^2
  mathLanguage: tex
- type: Paragraph
  content:
  - type: Text
    value:
      string: 'An AsciiMath block:'
- type: MathBlock
  code:
    string: 2 pi r^2
  mathLanguage: asciimath
- type: Paragraph
  content:
  - type: Text
    value:
      string: 'A MathML block:'
- type: MathBlock
  code:
    string: <math display="block"><mrow><mn>2</mn><mi>π</mi><msup><mi>r</mi><mn>2</mn></msup></mrow></math>
  mathLanguage: mathml
