type: Article
content:
- type: Paragraph
  content:
  - type: Text
    value:
      string: A call of sibling document
- type: CallBlock
  source: ../parameter/parameter.md
  arguments: []
- type: Paragraph
  content:
  - type: Text
    value:
      string: A call with one value argument
- type: CallBlock
  source: ../parameter/parameter.md
  arguments:
  - type: CallArgument
    name: arg1
    value: 123
    code:
      string: ''
- type: Paragraph
  content:
  - type: Text
    value:
      string: A call with one code expression argument
- type: CallBlock
  source: ../parameter/parameter.md
  arguments:
  - type: CallArgument
    name: arg1
    code:
      string: 1 + 2 + 3
- type: Paragraph
  content:
  - type: Text
    value:
      string: A call with several arguments with mixed naming and types
- type: CallBlock
  source: ../parameter/parameter.md
  arguments:
  - type: CallArgument
    name: arg1
    code:
      string: 1 + 2 + 3
  - type: CallArgument
    name: argtwo
    value: t w o
    code:
      string: ''
  - type: CallArgument
    name: arg_three
    value: 1.23
    code:
      string: ''
  - type: CallArgument
    name: arg4
    code:
      string: 2 * 2
  - type: CallArgument
    name: argFive
    value:
    - 1
    - 2
    - 3
    code:
      string: ''
