type: Article
content:
- type: ReplaceBlock
  content:
  - type: Paragraph
    content:
    - type: Text
      value: Old paragraph
  - type: Paragraph
    content:
    - type: Text
      value: Another old paragraph
  replacement:
  - type: Paragraph
    content:
    - type: Text
      value: New paragraph
  - type: CodeChunk
    code: A new code chunk
  - type: Paragraph
    content:
    - type: Text
      value: Another new paragraph
- type: ReplaceBlock
  suggestionStatus: Accepted
  content:
  - type: Paragraph
    content:
    - type: Text
      value: Old paragraph
  replacement:
  - type: Paragraph
    content:
    - type: Text
      value: Accepted new paragraph
- type: ReplaceBlock
  suggestionStatus: Rejected
  content:
  - type: Paragraph
    content:
    - type: Text
      value: Old paragraph
  replacement:
  - type: Paragraph
    content:
    - type: Text
      value: Rejected new paragraph
